// !$*UTF8*$!
{
	archiveVersion = 1;
	classes = {
	};
	objectVersion = 46;
	objects = {

/* Begin PBXBuildFile section */
		500629731E9D719F00D838AF /* IQNSArray+Sort.swift in Sources */ = {isa = PBXBuildFile; fileRef = 5006295D1E9D719F00D838AF /* IQNSArray+Sort.swift */; };
		500629741E9D719F00D838AF /* IQUIScrollView+Additions.swift in Sources */ = {isa = PBXBuildFile; fileRef = 5006295E1E9D719F00D838AF /* IQUIScrollView+Additions.swift */; };
		500629751E9D719F00D838AF /* IQUITextFieldView+Additions.swift in Sources */ = {isa = PBXBuildFile; fileRef = 5006295F1E9D719F00D838AF /* IQUITextFieldView+Additions.swift */; };
		500629761E9D719F00D838AF /* IQUIView+Hierarchy.swift in Sources */ = {isa = PBXBuildFile; fileRef = 500629601E9D719F00D838AF /* IQUIView+Hierarchy.swift */; };
		500629771E9D719F00D838AF /* IQUIViewController+Additions.swift in Sources */ = {isa = PBXBuildFile; fileRef = 500629611E9D719F00D838AF /* IQUIViewController+Additions.swift */; };
		500629781E9D719F00D838AF /* IQUIWindow+Hierarchy.swift in Sources */ = {isa = PBXBuildFile; fileRef = 500629621E9D719F00D838AF /* IQUIWindow+Hierarchy.swift */; };
		500629791E9D719F00D838AF /* IQKeyboardManagerConstants.swift in Sources */ = {isa = PBXBuildFile; fileRef = 500629641E9D719F00D838AF /* IQKeyboardManagerConstants.swift */; };
		5006297A1E9D719F00D838AF /* IQKeyboardManagerConstantsInternal.swift in Sources */ = {isa = PBXBuildFile; fileRef = 500629651E9D719F00D838AF /* IQKeyboardManagerConstantsInternal.swift */; };
		5006297B1E9D719F00D838AF /* IQKeyboardManager.swift in Sources */ = {isa = PBXBuildFile; fileRef = 500629661E9D719F00D838AF /* IQKeyboardManager.swift */; };
		5006297C1E9D719F00D838AF /* IQKeyboardReturnKeyHandler.swift in Sources */ = {isa = PBXBuildFile; fileRef = 500629681E9D719F00D838AF /* IQKeyboardReturnKeyHandler.swift */; };
		5006297D1E9D719F00D838AF /* IQTextView.swift in Sources */ = {isa = PBXBuildFile; fileRef = 5006296A1E9D719F00D838AF /* IQTextView.swift */; };
		5006297E1E9D719F00D838AF /* IQBarButtonItem.swift in Sources */ = {isa = PBXBuildFile; fileRef = 5006296C1E9D719F00D838AF /* IQBarButtonItem.swift */; };
		5006297F1E9D719F00D838AF /* IQPreviousNextView.swift in Sources */ = {isa = PBXBuildFile; fileRef = 5006296D1E9D719F00D838AF /* IQPreviousNextView.swift */; };
		500629801E9D719F00D838AF /* IQTitleBarButtonItem.swift in Sources */ = {isa = PBXBuildFile; fileRef = 5006296E1E9D719F00D838AF /* IQTitleBarButtonItem.swift */; };
		500629811E9D719F00D838AF /* IQToolbar.swift in Sources */ = {isa = PBXBuildFile; fileRef = 5006296F1E9D719F00D838AF /* IQToolbar.swift */; };
		500629821E9D719F00D838AF /* IQUIView+IQKeyboardToolbar.swift in Sources */ = {isa = PBXBuildFile; fileRef = 500629701E9D719F00D838AF /* IQUIView+IQKeyboardToolbar.swift */; };
		500629831E9D719F00D838AF /* IQKeyboardManager.bundle in Resources */ = {isa = PBXBuildFile; fileRef = 500629721E9D719F00D838AF /* IQKeyboardManager.bundle */; };
		50414CD91E86E3D7001F5A92 /* ConversationsListViewController.swift in Sources */ = {isa = PBXBuildFile; fileRef = 50414CD81E86E3D7001F5A92 /* ConversationsListViewController.swift */; };
		50414CDB1E87D458001F5A92 /* ConversationsCell.swift in Sources */ = {isa = PBXBuildFile; fileRef = 50414CDA1E87D458001F5A92 /* ConversationsCell.swift */; };
		50414CDD1E87FCFA001F5A92 /* DialogueViewController.swift in Sources */ = {isa = PBXBuildFile; fileRef = 50414CDC1E87FCFA001F5A92 /* DialogueViewController.swift */; };
		5041F1391E893EEC00DE2174 /* MessageViewCell.swift in Sources */ = {isa = PBXBuildFile; fileRef = 5041F1381E893EEC00DE2174 /* MessageViewCell.swift */; };
		506995881E939DB000E6076B /* Managers.swift in Sources */ = {isa = PBXBuildFile; fileRef = 506995871E939DB000E6076B /* Managers.swift */; };
		508DE3121E97CD9B0018A611 /* MCCommutator.swift in Sources */ = {isa = PBXBuildFile; fileRef = 508DE3111E97CD9B0018A611 /* MCCommutator.swift */; };
		50AF2A911E7F1F6400A5CC4A /* UIColor+MyAppColor.swift in Sources */ = {isa = PBXBuildFile; fileRef = 50AF2A901E7F1F6400A5CC4A /* UIColor+MyAppColor.swift */; };
		50FE92A41E6D811900099E0B /* AppDelegate.swift in Sources */ = {isa = PBXBuildFile; fileRef = 50FE92A31E6D811900099E0B /* AppDelegate.swift */; };
		50FE92A61E6D811900099E0B /* ViewController.swift in Sources */ = {isa = PBXBuildFile; fileRef = 50FE92A51E6D811900099E0B /* ViewController.swift */; };
		50FE92A91E6D811900099E0B /* Main.storyboard in Resources */ = {isa = PBXBuildFile; fileRef = 50FE92A71E6D811900099E0B /* Main.storyboard */; };
		50FE92AC1E6D811900099E0B /* TinkoffChat.xcdatamodeld in Sources */ = {isa = PBXBuildFile; fileRef = 50FE92AA1E6D811900099E0B /* TinkoffChat.xcdatamodeld */; };
		50FE92AE1E6D811900099E0B /* Assets.xcassets in Resources */ = {isa = PBXBuildFile; fileRef = 50FE92AD1E6D811900099E0B /* Assets.xcassets */; };
		50FE92B11E6D811900099E0B /* LaunchScreen.storyboard in Resources */ = {isa = PBXBuildFile; fileRef = 50FE92AF1E6D811900099E0B /* LaunchScreen.storyboard */; };
		50FE92BC1E6D811900099E0B /* TinkoffChatTests.swift in Sources */ = {isa = PBXBuildFile; fileRef = 50FE92BB1E6D811900099E0B /* TinkoffChatTests.swift */; };
		50FE92C71E6D827400099E0B /* .gitignore in Resources */ = {isa = PBXBuildFile; fileRef = 50FE92C61E6D827400099E0B /* .gitignore */; };
/* End PBXBuildFile section */

/* Begin PBXContainerItemProxy section */
		50FE92B81E6D811900099E0B /* PBXContainerItemProxy */ = {
			isa = PBXContainerItemProxy;
			containerPortal = 50FE92981E6D811900099E0B /* Project object */;
			proxyType = 1;
			remoteGlobalIDString = 50FE929F1E6D811900099E0B;
			remoteInfo = TinkoffChat;
		};
/* End PBXContainerItemProxy section */

/* Begin PBXFileReference section */
		5006295D1E9D719F00D838AF /* IQNSArray+Sort.swift */ = {isa = PBXFileReference; fileEncoding = 4; lastKnownFileType = sourcecode.swift; path = "IQNSArray+Sort.swift"; sourceTree = "<group>"; };
		5006295E1E9D719F00D838AF /* IQUIScrollView+Additions.swift */ = {isa = PBXFileReference; fileEncoding = 4; lastKnownFileType = sourcecode.swift; path = "IQUIScrollView+Additions.swift"; sourceTree = "<group>"; };
		5006295F1E9D719F00D838AF /* IQUITextFieldView+Additions.swift */ = {isa = PBXFileReference; fileEncoding = 4; lastKnownFileType = sourcecode.swift; path = "IQUITextFieldView+Additions.swift"; sourceTree = "<group>"; };
		500629601E9D719F00D838AF /* IQUIView+Hierarchy.swift */ = {isa = PBXFileReference; fileEncoding = 4; lastKnownFileType = sourcecode.swift; path = "IQUIView+Hierarchy.swift"; sourceTree = "<group>"; };
		500629611E9D719F00D838AF /* IQUIViewController+Additions.swift */ = {isa = PBXFileReference; fileEncoding = 4; lastKnownFileType = sourcecode.swift; path = "IQUIViewController+Additions.swift"; sourceTree = "<group>"; };
		500629621E9D719F00D838AF /* IQUIWindow+Hierarchy.swift */ = {isa = PBXFileReference; fileEncoding = 4; lastKnownFileType = sourcecode.swift; path = "IQUIWindow+Hierarchy.swift"; sourceTree = "<group>"; };
		500629641E9D719F00D838AF /* IQKeyboardManagerConstants.swift */ = {isa = PBXFileReference; fileEncoding = 4; lastKnownFileType = sourcecode.swift; path = IQKeyboardManagerConstants.swift; sourceTree = "<group>"; };
		500629651E9D719F00D838AF /* IQKeyboardManagerConstantsInternal.swift */ = {isa = PBXFileReference; fileEncoding = 4; lastKnownFileType = sourcecode.swift; path = IQKeyboardManagerConstantsInternal.swift; sourceTree = "<group>"; };
		500629661E9D719F00D838AF /* IQKeyboardManager.swift */ = {isa = PBXFileReference; fileEncoding = 4; lastKnownFileType = sourcecode.swift; path = IQKeyboardManager.swift; sourceTree = "<group>"; };
		500629671E9D719F00D838AF /* IQKeyboardManagerSwift.h */ = {isa = PBXFileReference; fileEncoding = 4; lastKnownFileType = sourcecode.c.h; path = IQKeyboardManagerSwift.h; sourceTree = "<group>"; };
		500629681E9D719F00D838AF /* IQKeyboardReturnKeyHandler.swift */ = {isa = PBXFileReference; fileEncoding = 4; lastKnownFileType = sourcecode.swift; path = IQKeyboardReturnKeyHandler.swift; sourceTree = "<group>"; };
		5006296A1E9D719F00D838AF /* IQTextView.swift */ = {isa = PBXFileReference; fileEncoding = 4; lastKnownFileType = sourcecode.swift; path = IQTextView.swift; sourceTree = "<group>"; };
		5006296C1E9D719F00D838AF /* IQBarButtonItem.swift */ = {isa = PBXFileReference; fileEncoding = 4; lastKnownFileType = sourcecode.swift; path = IQBarButtonItem.swift; sourceTree = "<group>"; };
		5006296D1E9D719F00D838AF /* IQPreviousNextView.swift */ = {isa = PBXFileReference; fileEncoding = 4; lastKnownFileType = sourcecode.swift; path = IQPreviousNextView.swift; sourceTree = "<group>"; };
		5006296E1E9D719F00D838AF /* IQTitleBarButtonItem.swift */ = {isa = PBXFileReference; fileEncoding = 4; lastKnownFileType = sourcecode.swift; path = IQTitleBarButtonItem.swift; sourceTree = "<group>"; };
		5006296F1E9D719F00D838AF /* IQToolbar.swift */ = {isa = PBXFileReference; fileEncoding = 4; lastKnownFileType = sourcecode.swift; path = IQToolbar.swift; sourceTree = "<group>"; };
		500629701E9D719F00D838AF /* IQUIView+IQKeyboardToolbar.swift */ = {isa = PBXFileReference; fileEncoding = 4; lastKnownFileType = sourcecode.swift; path = "IQUIView+IQKeyboardToolbar.swift"; sourceTree = "<group>"; };
		500629721E9D719F00D838AF /* IQKeyboardManager.bundle */ = {isa = PBXFileReference; lastKnownFileType = "wrapper.plug-in"; path = IQKeyboardManager.bundle; sourceTree = "<group>"; };
		50414CD81E86E3D7001F5A92 /* ConversationsListViewController.swift */ = {isa = PBXFileReference; fileEncoding = 4; lastKnownFileType = sourcecode.swift; path = ConversationsListViewController.swift; sourceTree = "<group>"; };
		50414CDA1E87D458001F5A92 /* ConversationsCell.swift */ = {isa = PBXFileReference; fileEncoding = 4; lastKnownFileType = sourcecode.swift; path = ConversationsCell.swift; sourceTree = "<group>"; };
		50414CDC1E87FCFA001F5A92 /* DialogueViewController.swift */ = {isa = PBXFileReference; fileEncoding = 4; lastKnownFileType = sourcecode.swift; path = DialogueViewController.swift; sourceTree = "<group>"; };
		5041F1381E893EEC00DE2174 /* MessageViewCell.swift */ = {isa = PBXFileReference; fileEncoding = 4; lastKnownFileType = sourcecode.swift; path = MessageViewCell.swift; sourceTree = "<group>"; };
		506995871E939DB000E6076B /* Managers.swift */ = {isa = PBXFileReference; fileEncoding = 4; lastKnownFileType = sourcecode.swift; path = Managers.swift; sourceTree = "<group>"; };
		508DE3111E97CD9B0018A611 /* MCCommutator.swift */ = {isa = PBXFileReference; fileEncoding = 4; lastKnownFileType = sourcecode.swift; path = MCCommutator.swift; sourceTree = "<group>"; };
		50AF2A901E7F1F6400A5CC4A /* UIColor+MyAppColor.swift */ = {isa = PBXFileReference; fileEncoding = 4; lastKnownFileType = sourcecode.swift; path = "UIColor+MyAppColor.swift"; sourceTree = "<group>"; };
		50FE92A01E6D811900099E0B /* TinkoffChat.app */ = {isa = PBXFileReference; explicitFileType = wrapper.application; includeInIndex = 0; path = TinkoffChat.app; sourceTree = BUILT_PRODUCTS_DIR; };
		50FE92A31E6D811900099E0B /* AppDelegate.swift */ = {isa = PBXFileReference; lastKnownFileType = sourcecode.swift; path = AppDelegate.swift; sourceTree = "<group>"; };
		50FE92A51E6D811900099E0B /* ViewController.swift */ = {isa = PBXFileReference; lastKnownFileType = sourcecode.swift; path = ViewController.swift; sourceTree = "<group>"; };
		50FE92A81E6D811900099E0B /* Base */ = {isa = PBXFileReference; lastKnownFileType = file.storyboard; name = Base; path = Base.lproj/Main.storyboard; sourceTree = "<group>"; };
		50FE92AB1E6D811900099E0B /* TinkoffChat.xcdatamodel */ = {isa = PBXFileReference; lastKnownFileType = wrapper.xcdatamodel; path = TinkoffChat.xcdatamodel; sourceTree = "<group>"; };
		50FE92AD1E6D811900099E0B /* Assets.xcassets */ = {isa = PBXFileReference; lastKnownFileType = folder.assetcatalog; path = Assets.xcassets; sourceTree = "<group>"; };
		50FE92B01E6D811900099E0B /* Base */ = {isa = PBXFileReference; lastKnownFileType = file.storyboard; name = Base; path = Base.lproj/LaunchScreen.storyboard; sourceTree = "<group>"; };
		50FE92B21E6D811900099E0B /* Info.plist */ = {isa = PBXFileReference; lastKnownFileType = text.plist.xml; path = Info.plist; sourceTree = "<group>"; };
		50FE92B71E6D811900099E0B /* TinkoffChatTests.xctest */ = {isa = PBXFileReference; explicitFileType = wrapper.cfbundle; includeInIndex = 0; path = TinkoffChatTests.xctest; sourceTree = BUILT_PRODUCTS_DIR; };
		50FE92BB1E6D811900099E0B /* TinkoffChatTests.swift */ = {isa = PBXFileReference; lastKnownFileType = sourcecode.swift; path = TinkoffChatTests.swift; sourceTree = "<group>"; };
		50FE92BD1E6D811900099E0B /* Info.plist */ = {isa = PBXFileReference; lastKnownFileType = text.plist.xml; path = Info.plist; sourceTree = "<group>"; };
		50FE92C61E6D827400099E0B /* .gitignore */ = {isa = PBXFileReference; fileEncoding = 4; lastKnownFileType = text; path = .gitignore; sourceTree = "<group>"; };
/* End PBXFileReference section */

/* Begin PBXFrameworksBuildPhase section */
		50FE929D1E6D811900099E0B /* Frameworks */ = {
			isa = PBXFrameworksBuildPhase;
			buildActionMask = 2147483647;
			files = (
			);
			runOnlyForDeploymentPostprocessing = 0;
		};
		50FE92B41E6D811900099E0B /* Frameworks */ = {
			isa = PBXFrameworksBuildPhase;
			buildActionMask = 2147483647;
			files = (
			);
			runOnlyForDeploymentPostprocessing = 0;
		};
/* End PBXFrameworksBuildPhase section */

/* Begin PBXGroup section */
		5006295B1E9D719F00D838AF /* IQKeyboardManagerSwift */ = {
			isa = PBXGroup;
			children = (
				5006295C1E9D719F00D838AF /* Categories */,
				500629631E9D719F00D838AF /* Constants */,
				500629661E9D719F00D838AF /* IQKeyboardManager.swift */,
				500629671E9D719F00D838AF /* IQKeyboardManagerSwift.h */,
				500629681E9D719F00D838AF /* IQKeyboardReturnKeyHandler.swift */,
				500629691E9D719F00D838AF /* IQTextView */,
				5006296B1E9D719F00D838AF /* IQToolbar */,
				500629711E9D719F00D838AF /* Resources */,
			);
			path = IQKeyboardManagerSwift;
			sourceTree = "<group>";
		};
		5006295C1E9D719F00D838AF /* Categories */ = {
			isa = PBXGroup;
			children = (
				5006295D1E9D719F00D838AF /* IQNSArray+Sort.swift */,
				5006295E1E9D719F00D838AF /* IQUIScrollView+Additions.swift */,
				5006295F1E9D719F00D838AF /* IQUITextFieldView+Additions.swift */,
				500629601E9D719F00D838AF /* IQUIView+Hierarchy.swift */,
				500629611E9D719F00D838AF /* IQUIViewController+Additions.swift */,
				500629621E9D719F00D838AF /* IQUIWindow+Hierarchy.swift */,
			);
			path = Categories;
			sourceTree = "<group>";
		};
		500629631E9D719F00D838AF /* Constants */ = {
			isa = PBXGroup;
			children = (
				500629641E9D719F00D838AF /* IQKeyboardManagerConstants.swift */,
				500629651E9D719F00D838AF /* IQKeyboardManagerConstantsInternal.swift */,
			);
			path = Constants;
			sourceTree = "<group>";
		};
		500629691E9D719F00D838AF /* IQTextView */ = {
			isa = PBXGroup;
			children = (
				5006296A1E9D719F00D838AF /* IQTextView.swift */,
			);
			path = IQTextView;
			sourceTree = "<group>";
		};
		5006296B1E9D719F00D838AF /* IQToolbar */ = {
			isa = PBXGroup;
			children = (
				5006296C1E9D719F00D838AF /* IQBarButtonItem.swift */,
				5006296D1E9D719F00D838AF /* IQPreviousNextView.swift */,
				5006296E1E9D719F00D838AF /* IQTitleBarButtonItem.swift */,
				5006296F1E9D719F00D838AF /* IQToolbar.swift */,
				500629701E9D719F00D838AF /* IQUIView+IQKeyboardToolbar.swift */,
			);
			path = IQToolbar;
			sourceTree = "<group>";
		};
		500629711E9D719F00D838AF /* Resources */ = {
			isa = PBXGroup;
			children = (
				500629721E9D719F00D838AF /* IQKeyboardManager.bundle */,
			);
			path = Resources;
			sourceTree = "<group>";
		};
		50FE92971E6D811900099E0B = {
			isa = PBXGroup;
			children = (
				50FE92C61E6D827400099E0B /* .gitignore */,
				50FE92A21E6D811900099E0B /* TinkoffChat */,
				50FE92BA1E6D811900099E0B /* TinkoffChatTests */,
				50FE92A11E6D811900099E0B /* Products */,
			);
			sourceTree = "<group>";
		};
		50FE92A11E6D811900099E0B /* Products */ = {
			isa = PBXGroup;
			children = (
				50FE92A01E6D811900099E0B /* TinkoffChat.app */,
				50FE92B71E6D811900099E0B /* TinkoffChatTests.xctest */,
			);
			name = Products;
			sourceTree = "<group>";
		};
		50FE92A21E6D811900099E0B /* TinkoffChat */ = {
			isa = PBXGroup;
			children = (
				5006295B1E9D719F00D838AF /* IQKeyboardManagerSwift */,
				50FE92A31E6D811900099E0B /* AppDelegate.swift */,
				50FE92A51E6D811900099E0B /* ViewController.swift */,
				50FE92A71E6D811900099E0B /* Main.storyboard */,
				50FE92AD1E6D811900099E0B /* Assets.xcassets */,
				50FE92AF1E6D811900099E0B /* LaunchScreen.storyboard */,
				50FE92B21E6D811900099E0B /* Info.plist */,
				50FE92AA1E6D811900099E0B /* TinkoffChat.xcdatamodeld */,
				50AF2A901E7F1F6400A5CC4A /* UIColor+MyAppColor.swift */,
				50414CD81E86E3D7001F5A92 /* ConversationsListViewController.swift */,
				50414CDA1E87D458001F5A92 /* ConversationsCell.swift */,
				50414CDC1E87FCFA001F5A92 /* DialogueViewController.swift */,
				5041F1381E893EEC00DE2174 /* MessageViewCell.swift */,
				506995871E939DB000E6076B /* Managers.swift */,
				508DE3111E97CD9B0018A611 /* MCCommutator.swift */,
			);
			path = TinkoffChat;
			sourceTree = "<group>";
		};
		50FE92BA1E6D811900099E0B /* TinkoffChatTests */ = {
			isa = PBXGroup;
			children = (
				50FE92BB1E6D811900099E0B /* TinkoffChatTests.swift */,
				50FE92BD1E6D811900099E0B /* Info.plist */,
			);
			path = TinkoffChatTests;
			sourceTree = "<group>";
		};
/* End PBXGroup section */

/* Begin PBXNativeTarget section */
		50FE929F1E6D811900099E0B /* TinkoffChat */ = {
			isa = PBXNativeTarget;
			buildConfigurationList = 50FE92C01E6D811900099E0B /* Build configuration list for PBXNativeTarget "TinkoffChat" */;
			buildPhases = (
				50FE929C1E6D811900099E0B /* Sources */,
				50FE929D1E6D811900099E0B /* Frameworks */,
				50FE929E1E6D811900099E0B /* Resources */,
			);
			buildRules = (
			);
			dependencies = (
			);
			name = TinkoffChat;
			productName = TinkoffChat;
			productReference = 50FE92A01E6D811900099E0B /* TinkoffChat.app */;
			productType = "com.apple.product-type.application";
		};
		50FE92B61E6D811900099E0B /* TinkoffChatTests */ = {
			isa = PBXNativeTarget;
			buildConfigurationList = 50FE92C31E6D811900099E0B /* Build configuration list for PBXNativeTarget "TinkoffChatTests" */;
			buildPhases = (
				50FE92B31E6D811900099E0B /* Sources */,
				50FE92B41E6D811900099E0B /* Frameworks */,
				50FE92B51E6D811900099E0B /* Resources */,
			);
			buildRules = (
			);
			dependencies = (
				50FE92B91E6D811900099E0B /* PBXTargetDependency */,
			);
			name = TinkoffChatTests;
			productName = TinkoffChatTests;
			productReference = 50FE92B71E6D811900099E0B /* TinkoffChatTests.xctest */;
			productType = "com.apple.product-type.bundle.unit-test";
		};
/* End PBXNativeTarget section */

/* Begin PBXProject section */
		50FE92981E6D811900099E0B /* Project object */ = {
			isa = PBXProject;
			attributes = {
				LastSwiftUpdateCheck = 0800;
				LastUpgradeCheck = 0800;
				ORGANIZATIONNAME = "Denis Karpenko";
				TargetAttributes = {
					50FE929F1E6D811900099E0B = {
						CreatedOnToolsVersion = 8.0;
						DevelopmentTeam = X96WC7QB45;
						ProvisioningStyle = Automatic;
					};
					50FE92B61E6D811900099E0B = {
						CreatedOnToolsVersion = 8.0;
						DevelopmentTeam = X96WC7QB45;
						ProvisioningStyle = Automatic;
						TestTargetID = 50FE929F1E6D811900099E0B;
					};
				};
			};
			buildConfigurationList = 50FE929B1E6D811900099E0B /* Build configuration list for PBXProject "TinkoffChat" */;
			compatibilityVersion = "Xcode 3.2";
			developmentRegion = English;
			hasScannedForEncodings = 0;
			knownRegions = (
				en,
				Base,
			);
			mainGroup = 50FE92971E6D811900099E0B;
			productRefGroup = 50FE92A11E6D811900099E0B /* Products */;
			projectDirPath = "";
			projectRoot = "";
			targets = (
				50FE929F1E6D811900099E0B /* TinkoffChat */,
				50FE92B61E6D811900099E0B /* TinkoffChatTests */,
			);
		};
/* End PBXProject section */

/* Begin PBXResourcesBuildPhase section */
		50FE929E1E6D811900099E0B /* Resources */ = {
			isa = PBXResourcesBuildPhase;
			buildActionMask = 2147483647;
			files = (
				500629831E9D719F00D838AF /* IQKeyboardManager.bundle in Resources */,
				50FE92C71E6D827400099E0B /* .gitignore in Resources */,
				50FE92B11E6D811900099E0B /* LaunchScreen.storyboard in Resources */,
				50FE92AE1E6D811900099E0B /* Assets.xcassets in Resources */,
				50FE92A91E6D811900099E0B /* Main.storyboard in Resources */,
			);
			runOnlyForDeploymentPostprocessing = 0;
		};
		50FE92B51E6D811900099E0B /* Resources */ = {
			isa = PBXResourcesBuildPhase;
			buildActionMask = 2147483647;
			files = (
			);
			runOnlyForDeploymentPostprocessing = 0;
		};
/* End PBXResourcesBuildPhase section */

/* Begin PBXSourcesBuildPhase section */
		50FE929C1E6D811900099E0B /* Sources */ = {
			isa = PBXSourcesBuildPhase;
			buildActionMask = 2147483647;
			files = (
				5041F1391E893EEC00DE2174 /* MessageViewCell.swift in Sources */,
				50414CDD1E87FCFA001F5A92 /* DialogueViewController.swift in Sources */,
				5006297C1E9D719F00D838AF /* IQKeyboardReturnKeyHandler.swift in Sources */,
				506995881E939DB000E6076B /* Managers.swift in Sources */,
				50FE92A61E6D811900099E0B /* ViewController.swift in Sources */,
				50414CD91E86E3D7001F5A92 /* ConversationsListViewController.swift in Sources */,
				5006297E1E9D719F00D838AF /* IQBarButtonItem.swift in Sources */,
				500629771E9D719F00D838AF /* IQUIViewController+Additions.swift in Sources */,
				500629821E9D719F00D838AF /* IQUIView+IQKeyboardToolbar.swift in Sources */,
				508DE3121E97CD9B0018A611 /* MCCommutator.swift in Sources */,
				50414CDB1E87D458001F5A92 /* ConversationsCell.swift in Sources */,
				500629811E9D719F00D838AF /* IQToolbar.swift in Sources */,
				500629731E9D719F00D838AF /* IQNSArray+Sort.swift in Sources */,
				500629791E9D719F00D838AF /* IQKeyboardManagerConstants.swift in Sources */,
				50AF2A911E7F1F6400A5CC4A /* UIColor+MyAppColor.swift in Sources */,
				50FE92A41E6D811900099E0B /* AppDelegate.swift in Sources */,
				5006297A1E9D719F00D838AF /* IQKeyboardManagerConstantsInternal.swift in Sources */,
				500629741E9D719F00D838AF /* IQUIScrollView+Additions.swift in Sources */,
				500629781E9D719F00D838AF /* IQUIWindow+Hierarchy.swift in Sources */,
				5006297B1E9D719F00D838AF /* IQKeyboardManager.swift in Sources */,
				500629751E9D719F00D838AF /* IQUITextFieldView+Additions.swift in Sources */,
				5006297F1E9D719F00D838AF /* IQPreviousNextView.swift in Sources */,
				5006297D1E9D719F00D838AF /* IQTextView.swift in Sources */,
				500629761E9D719F00D838AF /* IQUIView+Hierarchy.swift in Sources */,
				50FE92AC1E6D811900099E0B /* TinkoffChat.xcdatamodeld in Sources */,
				500629801E9D719F00D838AF /* IQTitleBarButtonItem.swift in Sources */,
			);
			runOnlyForDeploymentPostprocessing = 0;
		};
		50FE92B31E6D811900099E0B /* Sources */ = {
			isa = PBXSourcesBuildPhase;
			buildActionMask = 2147483647;
			files = (
				50FE92BC1E6D811900099E0B /* TinkoffChatTests.swift in Sources */,
			);
			runOnlyForDeploymentPostprocessing = 0;
		};
/* End PBXSourcesBuildPhase section */

/* Begin PBXTargetDependency section */
		50FE92B91E6D811900099E0B /* PBXTargetDependency */ = {
			isa = PBXTargetDependency;
			target = 50FE929F1E6D811900099E0B /* TinkoffChat */;
			targetProxy = 50FE92B81E6D811900099E0B /* PBXContainerItemProxy */;
		};
/* End PBXTargetDependency section */

/* Begin PBXVariantGroup section */
		50FE92A71E6D811900099E0B /* Main.storyboard */ = {
			isa = PBXVariantGroup;
			children = (
				50FE92A81E6D811900099E0B /* Base */,
			);
			name = Main.storyboard;
			sourceTree = "<group>";
		};
		50FE92AF1E6D811900099E0B /* LaunchScreen.storyboard */ = {
			isa = PBXVariantGroup;
			children = (
				50FE92B01E6D811900099E0B /* Base */,
			);
			name = LaunchScreen.storyboard;
			sourceTree = "<group>";
		};
/* End PBXVariantGroup section */

/* Begin XCBuildConfiguration section */
		50FE92BE1E6D811900099E0B /* Debug */ = {
			isa = XCBuildConfiguration;
			buildSettings = {
				ALWAYS_SEARCH_USER_PATHS = NO;
				CLANG_ANALYZER_NONNULL = YES;
				CLANG_CXX_LANGUAGE_STANDARD = "gnu++0x";
				CLANG_CXX_LIBRARY = "libc++";
				CLANG_ENABLE_MODULES = YES;
				CLANG_ENABLE_OBJC_ARC = YES;
				CLANG_WARN_BOOL_CONVERSION = YES;
				CLANG_WARN_CONSTANT_CONVERSION = YES;
				CLANG_WARN_DIRECT_OBJC_ISA_USAGE = YES_ERROR;
				CLANG_WARN_DOCUMENTATION_COMMENTS = YES;
				CLANG_WARN_EMPTY_BODY = YES;
				CLANG_WARN_ENUM_CONVERSION = YES;
				CLANG_WARN_INFINITE_RECURSION = YES;
				CLANG_WARN_INT_CONVERSION = YES;
				CLANG_WARN_OBJC_ROOT_CLASS = YES_ERROR;
				CLANG_WARN_SUSPICIOUS_MOVES = YES;
				CLANG_WARN_UNREACHABLE_CODE = YES;
				CLANG_WARN__DUPLICATE_METHOD_MATCH = YES;
				"CODE_SIGN_IDENTITY[sdk=iphoneos*]" = "iPhone Developer";
				COPY_PHASE_STRIP = NO;
				DEBUG_INFORMATION_FORMAT = dwarf;
				ENABLE_STRICT_OBJC_MSGSEND = YES;
				ENABLE_TESTABILITY = YES;
				GCC_C_LANGUAGE_STANDARD = gnu99;
				GCC_DYNAMIC_NO_PIC = NO;
				GCC_NO_COMMON_BLOCKS = YES;
				GCC_OPTIMIZATION_LEVEL = 0;
				GCC_PREPROCESSOR_DEFINITIONS = (
					"DEBUG=1",
					"$(inherited)",
				);
				GCC_WARN_64_TO_32_BIT_CONVERSION = YES;
				GCC_WARN_ABOUT_RETURN_TYPE = YES_ERROR;
				GCC_WARN_UNDECLARED_SELECTOR = YES;
				GCC_WARN_UNINITIALIZED_AUTOS = YES_AGGRESSIVE;
				GCC_WARN_UNUSED_FUNCTION = YES;
				GCC_WARN_UNUSED_VARIABLE = YES;
				IPHONEOS_DEPLOYMENT_TARGET = 10.0;
				MTL_ENABLE_DEBUG_INFO = YES;
				ONLY_ACTIVE_ARCH = YES;
				SDKROOT = iphoneos;
				SWIFT_ACTIVE_COMPILATION_CONDITIONS = DEBUG;
				SWIFT_OPTIMIZATION_LEVEL = "-Onone";
			};
			name = Debug;
		};
		50FE92BF1E6D811900099E0B /* Release */ = {
			isa = XCBuildConfiguration;
			buildSettings = {
				ALWAYS_SEARCH_USER_PATHS = NO;
				CLANG_ANALYZER_NONNULL = YES;
				CLANG_CXX_LANGUAGE_STANDARD = "gnu++0x";
				CLANG_CXX_LIBRARY = "libc++";
				CLANG_ENABLE_MODULES = YES;
				CLANG_ENABLE_OBJC_ARC = YES;
				CLANG_WARN_BOOL_CONVERSION = YES;
				CLANG_WARN_CONSTANT_CONVERSION = YES;
				CLANG_WARN_DIRECT_OBJC_ISA_USAGE = YES_ERROR;
				CLANG_WARN_DOCUMENTATION_COMMENTS = YES;
				CLANG_WARN_EMPTY_BODY = YES;
				CLANG_WARN_ENUM_CONVERSION = YES;
				CLANG_WARN_INFINITE_RECURSION = YES;
				CLANG_WARN_INT_CONVERSION = YES;
				CLANG_WARN_OBJC_ROOT_CLASS = YES_ERROR;
				CLANG_WARN_SUSPICIOUS_MOVES = YES;
				CLANG_WARN_UNREACHABLE_CODE = YES;
				CLANG_WARN__DUPLICATE_METHOD_MATCH = YES;
				"CODE_SIGN_IDENTITY[sdk=iphoneos*]" = "iPhone Developer";
				COPY_PHASE_STRIP = NO;
				DEBUG_INFORMATION_FORMAT = "dwarf-with-dsym";
				ENABLE_NS_ASSERTIONS = NO;
				ENABLE_STRICT_OBJC_MSGSEND = YES;
				GCC_C_LANGUAGE_STANDARD = gnu99;
				GCC_NO_COMMON_BLOCKS = YES;
				GCC_WARN_64_TO_32_BIT_CONVERSION = YES;
				GCC_WARN_ABOUT_RETURN_TYPE = YES_ERROR;
				GCC_WARN_UNDECLARED_SELECTOR = YES;
				GCC_WARN_UNINITIALIZED_AUTOS = YES_AGGRESSIVE;
				GCC_WARN_UNUSED_FUNCTION = YES;
				GCC_WARN_UNUSED_VARIABLE = YES;
				IPHONEOS_DEPLOYMENT_TARGET = 10.0;
				MTL_ENABLE_DEBUG_INFO = NO;
				SDKROOT = iphoneos;
				SWIFT_OPTIMIZATION_LEVEL = "-Owholemodule";
				VALIDATE_PRODUCT = YES;
			};
			name = Release;
		};
		50FE92C11E6D811900099E0B /* Debug */ = {
			isa = XCBuildConfiguration;
			buildSettings = {
				ASSETCATALOG_COMPILER_APPICON_NAME = AppIcon;
				DEVELOPMENT_TEAM = X96WC7QB45;
				INFOPLIST_FILE = TinkoffChat/Info.plist;
				IPHONEOS_DEPLOYMENT_TARGET = 10.1;
				LD_RUNPATH_SEARCH_PATHS = "$(inherited) @executable_path/Frameworks";
				PRODUCT_BUNDLE_IDENTIFIER = luckyass.TinkoffChat;
				PRODUCT_NAME = "$(TARGET_NAME)";
				SWIFT_VERSION = 3.0;
				TARGETED_DEVICE_FAMILY = 1;
			};
			name = Debug;
		};
		50FE92C21E6D811900099E0B /* Release */ = {
			isa = XCBuildConfiguration;
			buildSettings = {
				ASSETCATALOG_COMPILER_APPICON_NAME = AppIcon;
				DEVELOPMENT_TEAM = X96WC7QB45;
				INFOPLIST_FILE = TinkoffChat/Info.plist;
				IPHONEOS_DEPLOYMENT_TARGET = 10.1;
				LD_RUNPATH_SEARCH_PATHS = "$(inherited) @executable_path/Frameworks";
				PRODUCT_BUNDLE_IDENTIFIER = luckyass.TinkoffChat;
				PRODUCT_NAME = "$(TARGET_NAME)";
				SWIFT_VERSION = 3.0;
				TARGETED_DEVICE_FAMILY = 1;
			};
			name = Release;
		};
		50FE92C41E6D811900099E0B /* Debug */ = {
			isa = XCBuildConfiguration;
			buildSettings = {
				ALWAYS_EMBED_SWIFT_STANDARD_LIBRARIES = YES;
				BUNDLE_LOADER = "$(TEST_HOST)";
				DEVELOPMENT_TEAM = X96WC7QB45;
				INFOPLIST_FILE = TinkoffChatTests/Info.plist;
				LD_RUNPATH_SEARCH_PATHS = "$(inherited) @executable_path/Frameworks @loader_path/Frameworks";
				PRODUCT_BUNDLE_IDENTIFIER = luckyass.TinkoffChatTests;
				PRODUCT_NAME = "$(TARGET_NAME)";
				SWIFT_VERSION = 3.0;
				TEST_HOST = "$(BUILT_PRODUCTS_DIR)/TinkoffChat.app/TinkoffChat";
			};
			name = Debug;
		};
		50FE92C51E6D811900099E0B /* Release */ = {
			isa = XCBuildConfiguration;
			buildSettings = {
				ALWAYS_EMBED_SWIFT_STANDARD_LIBRARIES = YES;
				BUNDLE_LOADER = "$(TEST_HOST)";
				DEVELOPMENT_TEAM = X96WC7QB45;
				INFOPLIST_FILE = TinkoffChatTests/Info.plist;
				LD_RUNPATH_SEARCH_PATHS = "$(inherited) @executable_path/Frameworks @loader_path/Frameworks";
				PRODUCT_BUNDLE_IDENTIFIER = luckyass.TinkoffChatTests;
				PRODUCT_NAME = "$(TARGET_NAME)";
				SWIFT_VERSION = 3.0;
				TEST_HOST = "$(BUILT_PRODUCTS_DIR)/TinkoffChat.app/TinkoffChat";
			};
			name = Release;
		};
/* End XCBuildConfiguration section */

/* Begin XCConfigurationList section */
		50FE929B1E6D811900099E0B /* Build configuration list for PBXProject "TinkoffChat" */ = {
			isa = XCConfigurationList;
			buildConfigurations = (
				50FE92BE1E6D811900099E0B /* Debug */,
				50FE92BF1E6D811900099E0B /* Release */,
			);
			defaultConfigurationIsVisible = 0;
			defaultConfigurationName = Release;
		};
		50FE92C01E6D811900099E0B /* Build configuration list for PBXNativeTarget "TinkoffChat" */ = {
			isa = XCConfigurationList;
			buildConfigurations = (
				50FE92C11E6D811900099E0B /* Debug */,
				50FE92C21E6D811900099E0B /* Release */,
			);
			defaultConfigurationIsVisible = 0;
			defaultConfigurationName = Release;
		};
		50FE92C31E6D811900099E0B /* Build configuration list for PBXNativeTarget "TinkoffChatTests" */ = {
			isa = XCConfigurationList;
			buildConfigurations = (
				50FE92C41E6D811900099E0B /* Debug */,
				50FE92C51E6D811900099E0B /* Release */,
			);
			defaultConfigurationIsVisible = 0;
			defaultConfigurationName = Release;
		};
/* End XCConfigurationList section */

/* Begin XCVersionGroup section */
		50FE92AA1E6D811900099E0B /* TinkoffChat.xcdatamodeld */ = {
			isa = XCVersionGroup;
			children = (
				50FE92AB1E6D811900099E0B /* TinkoffChat.xcdatamodel */,
			);
			currentVersion = 50FE92AB1E6D811900099E0B /* TinkoffChat.xcdatamodel */;
			path = TinkoffChat.xcdatamodeld;
			sourceTree = "<group>";
			versionGroupType = wrapper.xcdatamodel;
		};
/* End XCVersionGroup section */
	};
	rootObject = 50FE92981E6D811900099E0B /* Project object */;
}
